
Microsoft Visual Studio Solution File, Format Version 12.00
# Visual Studio Version 17
VisualStudioVersion = 17.0.31903.59
MinimumVisualStudioVersion = 10.0.40219.1
Project("{FAE04EC0-301F-11D3-BF4B-00C04F79EFBC}") = "LEPTA", "LEPTA\LEPTA.csproj", "{F250EFA1-535F-4AC9-8520-800625127376}"
EndProject
Project("{FAE04EC0-301F-11D3-BF4B-00C04F79EFBC}") = "LEPTA.Shared", "LEPTA.Shared\LEPTA.Shared.csproj", "{2310286E-3ABE-46D5-B8EC-BC84D3E537D6}"
EndProject
Project("{FAE04EC0-301F-11D3-BF4B-00C04F79EFBC}") = "LEPTA.Infrastracture", "LEPTA.Infrastracture\LEPTA.Infrastracture.csproj", "{B55230F4-AF42-4266-A250-FF4B78430B7F}"
EndProject
Project("{FAE04EC0-301F-11D3-BF4B-00C04F79EFBC}") = "LEPTA.vLLM", "LEPTA.vLLM\LEPTA.vLLM.csproj", "{DE9582C4-D917-4407-A529-FD5121F3FB8A}"
EndProject
Project("{FAE04EC0-301F-11D3-BF4B-00C04F79EFBC}") = "LEPTA.Tests", "LEPTA.Tests\LEPTA.Tests.csproj", "{23A2DD44-00F9-4471-A093-31B06CD5E6D0}"
EndProject
Project("{2150E333-8FDC-42A3-9474-1A3956D46DE8}") = "tools", "tools", "{07C2787E-EAC7-C090-1BA3-A61EC2A24D84}"
EndProject
Project("{FAE04EC0-301F-11D3-BF4B-00C04F79EFBC}") = "LEPTA.Tools.SandboxTests", "tools\LEPTA.Tools.SandboxTests\LEPTA.Tools.SandboxTests.csproj", "{B24D649C-C94F-4225-9449-6C4D301F8A8A}"
EndProject
Global
	GlobalSection(SolutionConfigurationPlatforms) = preSolution
		Debug|Any CPU = Debug|Any CPU
		Debug|x64 = Debug|x64
		Debug|x86 = Debug|x86
		Release|Any CPU = Release|Any CPU
		Release|x64 = Release|x64
		Release|x86 = Release|x86
	EndGlobalSection
	GlobalSection(ProjectConfigurationPlatforms) = postSolution
		{F250EFA1-535F-4AC9-8520-800625127376}.Debug|Any CPU.ActiveCfg = Debug|Any CPU
		{F250EFA1-535F-4AC9-8520-800625127376}.Debug|Any CPU.Build.0 = Debug|Any CPU
		{F250EFA1-535F-4AC9-8520-800625127376}.Debug|x64.ActiveCfg = Debug|Any CPU
		{F250EFA1-535F-4AC9-8520-800625127376}.Debug|x64.Build.0 = Debug|Any CPU
		{F250EFA1-535F-4AC9-8520-800625127376}.Debug|x86.ActiveCfg = Debug|Any CPU
		{F250EFA1-535F-4AC9-8520-800625127376}.Debug|x86.Build.0 = Debug|Any CPU
		{F250EFA1-535F-4AC9-8520-800625127376}.Release|Any CPU.ActiveCfg = Release|Any CPU
		{F250EFA1-535F-4AC9-8520-800625127376}.Release|Any CPU.Build.0 = Release|Any CPU
		{F250EFA1-535F-4AC9-8520-800625127376}.Release|x64.ActiveCfg = Release|Any CPU
		{F250EFA1-535F-4AC9-8520-800625127376}.Release|x64.Build.0 = Release|Any CPU
		{F250EFA1-535F-4AC9-8520-800625127376}.Release|x86.ActiveCfg = Release|Any CPU
		{F250EFA1-535F-4AC9-8520-800625127376}.Release|x86.Build.0 = Release|Any CPU
		{2310286E-3ABE-46D5-B8EC-BC84D3E537D6}.Debug|Any CPU.ActiveCfg = Debug|Any CPU
		{2310286E-3ABE-46D5-B8EC-BC84D3E537D6}.Debug|Any CPU.Build.0 = Debug|Any CPU
		{2310286E-3ABE-46D5-B8EC-BC84D3E537D6}.Debug|x64.ActiveCfg = Debug|Any CPU
		{2310286E-3ABE-46D5-B8EC-BC84D3E537D6}.Debug|x64.Build.0 = Debug|Any CPU
		{2310286E-3ABE-46D5-B8EC-BC84D3E537D6}.Debug|x86.ActiveCfg = Debug|Any CPU
		{2310286E-3ABE-46D5-B8EC-BC84D3E537D6}.Debug|x86.Build.0 = Debug|Any CPU
		{2310286E-3ABE-46D5-B8EC-BC84D3E537D6}.Release|Any CPU.ActiveCfg = Release|Any CPU
		{2310286E-3ABE-46D5-B8EC-BC84D3E537D6}.Release|Any CPU.Build.0 = Release|Any CPU
		{2310286E-3ABE-46D5-B8EC-BC84D3E537D6}.Release|x64.ActiveCfg = Release|Any CPU
		{2310286E-3ABE-46D5-B8EC-BC84D3E537D6}.Release|x64.Build.0 = Release|Any CPU
		{2310286E-3ABE-46D5-B8EC-BC84D3E537D6}.Release|x86.ActiveCfg = Release|Any CPU
		{2310286E-3ABE-46D5-B8EC-BC84D3E537D6}.Release|x86.Build.0 = Release|Any CPU
		{B55230F4-AF42-4266-A250-FF4B78430B7F}.Debug|Any CPU.ActiveCfg = Debug|Any CPU
		{B55230F4-AF42-4266-A250-FF4B78430B7F}.Debug|Any CPU.Build.0 = Debug|Any CPU
		{B55230F4-AF42-4266-A250-FF4B78430B7F}.Debug|x64.ActiveCfg = Debug|Any CPU
		{B55230F4-AF42-4266-A250-FF4B78430B7F}.Debug|x64.Build.0 = Debug|Any CPU
		{B55230F4-AF42-4266-A250-FF4B78430B7F}.Debug|x86.ActiveCfg = Debug|Any CPU
		{B55230F4-AF42-4266-A250-FF4B78430B7F}.Debug|x86.Build.0 = Debug|Any CPU
		{B55230F4-AF42-4266-A250-FF4B78430B7F}.Release|Any CPU.ActiveCfg = Release|Any CPU
		{B55230F4-AF42-4266-A250-FF4B78430B7F}.Release|Any CPU.Build.0 = Release|Any CPU
		{B55230F4-AF42-4266-A250-FF4B78430B7F}.Release|x64.ActiveCfg = Release|Any CPU
		{B55230F4-AF42-4266-A250-FF4B78430B7F}.Release|x64.Build.0 = Release|Any CPU
		{B55230F4-AF42-4266-A250-FF4B78430B7F}.Release|x86.ActiveCfg = Release|Any CPU
		{B55230F4-AF42-4266-A250-FF4B78430B7F}.Release|x86.Build.0 = Release|Any CPU
		{DE9582C4-D917-4407-A529-FD5121F3FB8A}.Debug|Any CPU.ActiveCfg = Debug|Any CPU
		{DE9582C4-D917-4407-A529-FD5121F3FB8A}.Debug|Any CPU.Build.0 = Debug|Any CPU
		{DE9582C4-D917-4407-A529-FD5121F3FB8A}.Debug|x64.ActiveCfg = Debug|Any CPU
		{DE9582C4-D917-4407-A529-FD5121F3FB8A}.Debug|x64.Build.0 = Debug|Any CPU
		{DE9582C4-D917-4407-A529-FD5121F3FB8A}.Debug|x86.ActiveCfg = Debug|Any CPU
		{DE9582C4-D917-4407-A529-FD5121F3FB8A}.Debug|x86.Build.0 = Debug|Any CPU
		{DE9582C4-D917-4407-A529-FD5121F3FB8A}.Release|Any CPU.ActiveCfg = Release|Any CPU
		{DE9582C4-D917-4407-A529-FD5121F3FB8A}.Release|Any CPU.Build.0 = Release|Any CPU
		{DE9582C4-D917-4407-A529-FD5121F3FB8A}.Release|x64.ActiveCfg = Release|Any CPU
		{DE9582C4-D917-4407-A529-FD5121F3FB8A}.Release|x64.Build.0 = Release|Any CPU
		{DE9582C4-D917-4407-A529-FD5121F3FB8A}.Release|x86.ActiveCfg = Release|Any CPU
		{DE9582C4-D917-4407-A529-FD5121F3FB8A}.Release|x86.Build.0 = Release|Any CPU
		{23A2DD44-00F9-4471-A093-31B06CD5E6D0}.Debug|Any CPU.ActiveCfg = Debug|Any CPU
		{23A2DD44-00F9-4471-A093-31B06CD5E6D0}.Debug|Any CPU.Build.0 = Debug|Any CPU
		{23A2DD44-00F9-4471-A093-31B06CD5E6D0}.Debug|x64.ActiveCfg = Debug|Any CPU
		{23A2DD44-00F9-4471-A093-31B06CD5E6D0}.Debug|x64.Build.0 = Debug|Any CPU
		{23A2DD44-00F9-4471-A093-31B06CD5E6D0}.Debug|x86.ActiveCfg = Debug|Any CPU
		{23A2DD44-00F9-4471-A093-31B06CD5E6D0}.Debug|x86.Build.0 = Debug|Any CPU
		{23A2DD44-00F9-4471-A093-31B06CD5E6D0}.Release|Any CPU.ActiveCfg = Release|Any CPU
		{23A2DD44-00F9-4471-A093-31B06CD5E6D0}.Release|Any CPU.Build.0 = Release|Any CPU
		{23A2DD44-00F9-4471-A093-31B06CD5E6D0}.Release|x64.ActiveCfg = Release|Any CPU
		{23A2DD44-00F9-4471-A093-31B06CD5E6D0}.Release|x64.Build.0 = Release|Any CPU
		{23A2DD44-00F9-4471-A093-31B06CD5E6D0}.Release|x86.ActiveCfg = Release|Any CPU
		{23A2DD44-00F9-4471-A093-31B06CD5E6D0}.Release|x86.Build.0 = Release|Any CPU
		{B24D649C-C94F-4225-9449-6C4D301F8A8A}.Debug|Any CPU.ActiveCfg = Debug|Any CPU
		{B24D649C-C94F-4225-9449-6C4D301F8A8A}.Debug|Any CPU.Build.0 = Debug|Any CPU
		{B24D649C-C94F-4225-9449-6C4D301F8A8A}.Debug|x64.ActiveCfg = Debug|Any CPU
		{B24D649C-C94F-4225-9449-6C4D301F8A8A}.Debug|x64.Build.0 = Debug|Any CPU
		{B24D649C-C94F-4225-9449-6C4D301F8A8A}.Debug|x86.ActiveCfg = Debug|Any CPU
		{B24D649C-C94F-4225-9449-6C4D301F8A8A}.Debug|x86.Build.0 = Debug|Any CPU
		{B24D649C-C94F-4225-9449-6C4D301F8A8A}.Release|Any CPU.ActiveCfg = Release|Any CPU
		{B24D649C-C94F-4225-9449-6C4D301F8A8A}.Release|Any CPU.Build.0 = Release|Any CPU
		{B24D649C-C94F-4225-9449-6C4D301F8A8A}.Release|x64.ActiveCfg = Release|Any CPU
		{B24D649C-C94F-4225-9449-6C4D301F8A8A}.Release|x64.Build.0 = Release|Any CPU
		{B24D649C-C94F-4225-9449-6C4D301F8A8A}.Release|x86.ActiveCfg = Release|Any CPU
		{B24D649C-C94F-4225-9449-6C4D301F8A8A}.Release|x86.Build.0 = Release|Any CPU
	EndGlobalSection
	GlobalSection(SolutionProperties) = preSolution
		HideSolutionNode = FALSE
	EndGlobalSection
	GlobalSection(NestedProjects) = preSolution
		{B24D649C-C94F-4225-9449-6C4D301F8A8A} = {07C2787E-EAC7-C090-1BA3-A61EC2A24D84}
	EndGlobalSection
EndGlobal
